<?xml version="1.0" encoding="utf-8"?>
<Project ToolsVersion="4.0" xmlns="http://schemas.microsoft.com/developer/msbuild/2003">
  <ItemGroup>
    <Filter Include="Source Files">
      <UniqueIdentifier>{87ee52af-112c-4314-a20e-4d3055fa246d}</UniqueIdentifier>
      <Extensions>cpp;c;cxx;rc;def;r;odl;idl;hpj;bat</Extensions>
    </Filter>
    <Filter Include="Header Files">
      <UniqueIdentifier>{18e97cb6-624d-44bd-bc04-2cb88523a7fc}</UniqueIdentifier>
      <Extensions>h;hpp;hxx;hm;inl</Extensions>
    </Filter>
    <Filter Include="Resource Files">
      <UniqueIdentifier>{75700587-067b-481f-a7f9-bd0d702a0f80}</UniqueIdentifier>
      <Extensions>ico;cur;bmp;dlg;rc2;rct;bin;rgs;gif;jpg;jpeg;jpe</Extensions>
    </Filter>
  </ItemGroup>
  <ItemGroup>
    <ClCompile Include="ballshot.cpp">
      <Filter>Source Files</Filter>
    </ClCompile>
    <ClCompile Include="CampCBox.cpp">
      <Filter>Source Files</Filter>
    </ClCompile>
    <ClCompile Include="ClrStr.cpp">
      <Filter>Source Files</Filter>
    </ClCompile>
    <ClCompile Include="CoachUDP.cpp">
      <Filter>Source Files</Filter>
    </ClCompile>
    <ClCompile Include="ColorDlg.cpp">
      <Filter>Source Files</Filter>
    </ClCompile>
    <ClCompile Include="ConctDomain.cpp">
      <Filter>Source Files</Filter>
    </ClCompile>
    <ClCompile Include="DebugView.cpp">
      <Filter>Source Files</Filter>
    </ClCompile>
    <ClCompile Include="DlgDebug.cpp">
      <Filter>Source Files</Filter>
    </ClCompile>
    <ClCompile Include="DlgRefInfo.cpp">
      <Filter>Source Files</Filter>
    </ClCompile>
    <ClCompile Include="MSLCoach.cpp">
      <Filter>Source Files</Filter>
    </ClCompile>
    <ClCompile Include="MSLCoachDlg.cpp">
      <Filter>Source Files</Filter>
    </ClCompile>
    <ClCompile Include="MulticastSocket.cpp">
      <Filter>Source Files</Filter>
    </ClCompile>
    <ClCompile Include="NumDisplay.cpp">
      <Filter>Source Files</Filter>
    </ClCompile>
    <ClCompile Include="OwnGoalCombo.cpp">
      <Filter>Source Files</Filter>
    </ClCompile>
    <ClCompile Include="PositionCycBuf.cpp">
      <Filter>Source Files</Filter>
    </ClCompile>
    <ClCompile Include="RefClient.cpp">
      <Filter>Source Files</Filter>
    </ClCompile>
    <ClCompile Include="StdAfx.cpp">
      <Filter>Source Files</Filter>
    </ClCompile>
    <ClCompile Include="TCPClient.cpp">
      <Filter>Source Files</Filter>
    </ClCompile>
    <ClCompile Include="Xml\tinystr.cpp">
      <Filter>Source Files</Filter>
    </ClCompile>
    <ClCompile Include="Xml\tinyxml.cpp">
      <Filter>Source Files</Filter>
    </ClCompile>
    <ClCompile Include="Xml\tinyxmlerror.cpp">
      <Filter>Source Files</Filter>
    </ClCompile>
    <ClCompile Include="Xml\tinyxmlparser.cpp">
      <Filter>Source Files</Filter>
    </ClCompile>
    <ClCompile Include="ToAgent.cpp">
      <Filter>Source Files</Filter>
    </ClCompile>
    <ClCompile Include="UDPServer.cpp">
      <Filter>Source Files</Filter>
    </ClCompile>
    <ClCompile Include="UPFullField.cpp">
      <Filter>Source Files</Filter>
    </ClCompile>
    <ClCompile Include="Node.cpp">
      <Filter>Source Files</Filter>
    </ClCompile>
    <ClCompile Include="NodeInput.cpp">
      <Filter>Source Files</Filter>
    </ClCompile>
    <ClCompile Include="StrategyNode.cpp">
      <Filter>Source Files</Filter>
    </ClCompile>
  </ItemGroup>
  <ItemGroup>
    <ResourceCompile Include="MSLCoach.rc">
      <Filter>Source Files</Filter>
    </ResourceCompile>
  </ItemGroup>
  <ItemGroup>
    <ClInclude Include="ballshot.h">
      <Filter>Header Files</Filter>
    </ClInclude>
    <ClInclude Include="CampCBox.h">
      <Filter>Header Files</Filter>
    </ClInclude>
    <ClInclude Include="ClrStr.h">
      <Filter>Header Files</Filter>
    </ClInclude>
    <ClInclude Include="CoachUDP.h">
      <Filter>Header Files</Filter>
    </ClInclude>
    <ClInclude Include="ColorDlg.h">
      <Filter>Header Files</Filter>
    </ClInclude>
    <ClInclude Include="ConctDomain.h">
      <Filter>Header Files</Filter>
    </ClInclude>
    <ClInclude Include="DebugView.h">
      <Filter>Header Files</Filter>
    </ClInclude>
    <ClInclude Include="DlgDebug.h">
      <Filter>Header Files</Filter>
    </ClInclude>
    <ClInclude Include="DlgRefInfo.h">
      <Filter>Header Files</Filter>
    </ClInclude>
    <ClInclude Include="MSG_Control.h">
      <Filter>Header Files</Filter>
    </ClInclude>
    <ClInclude Include="MSL_Protocol.h">
      <Filter>Header Files</Filter>
    </ClInclude>
    <ClInclude Include="MSLCoach.h">
      <Filter>Header Files</Filter>
    </ClInclude>
    <ClInclude Include="MSLCoachDlg.h">
      <Filter>Header Files</Filter>
    </ClInclude>
    <ClInclude Include="MulticastSocket.h">
      <Filter>Header Files</Filter>
    </ClInclude>
    <ClInclude Include="NumDisplay.h">
      <Filter>Header Files</Filter>
    </ClInclude>
    <ClInclude Include="OwnGoalCombo.h">
      <Filter>Header Files</Filter>
    </ClInclude>
    <ClInclude Include="PositionCycBuf.h">
      <Filter>Header Files</Filter>
    </ClInclude>
    <ClInclude Include="RefClient.h">
      <Filter>Header Files</Filter>
    </ClInclude>
    <ClInclude Include="Resource.h">
      <Filter>Header Files</Filter>
    </ClInclude>
    <ClInclude Include="StdAfx.h">
      <Filter>Header Files</Filter>
    </ClInclude>
    <ClInclude Include="TCPClient.h">
      <Filter>Header Files</Filter>
    </ClInclude>
    <ClInclude Include="Xml\tinystr.h">
      <Filter>Header Files</Filter>
    </ClInclude>
    <ClInclude Include="Xml\tinyxml.h">
      <Filter>Header Files</Filter>
    </ClInclude>
    <ClInclude Include="ToAgent.h">
      <Filter>Header Files</Filter>
    </ClInclude>
    <ClInclude Include="UDPServer.h">
      <Filter>Header Files</Filter>
    </ClInclude>
    <ClInclude Include="UPFullField.h">
      <Filter>Header Files</Filter>
    </ClInclude>
    <ClInclude Include="Node.h">
      <Filter>Header Files</Filter>
    </ClInclude>
    <ClInclude Include="NodeExternalPrecondition.h">
      <Filter>Header Files</Filter>
    </ClInclude>
    <ClInclude Include="NodeInput.h">
      <Filter>Header Files</Filter>
    </ClInclude>
    <ClInclude Include="NodeOutput.h">
      <Filter>Header Files</Filter>
    </ClInclude>
    <ClInclude Include="StrategyNode.h">
      <Filter>Header Files</Filter>
    </ClInclude>
    <ClInclude Include="StaticData.h">
      <Filter>Header Files</Filter>
    </ClInclude>
  </ItemGroup>
  <ItemGroup>
    <CustomBuild Include="res\BlueFullField.bmp">
      <Filter>Resource Files</Filter>
    </CustomBuild>
    <CustomBuild Include="res\FullField.bmp">
      <Filter>Resource Files</Filter>
    </CustomBuild>
    <CustomBuild Include="res\L2RFullField.bmp">
      <Filter>Resource Files</Filter>
    </CustomBuild>
    <CustomBuild Include="res\MSLCoach.ico">
      <Filter>Resource Files</Filter>
    </CustomBuild>
    <CustomBuild Include="res\MSLCoach.rc2">
      <Filter>Resource Files</Filter>
    </CustomBuild>
    <CustomBuild Include="res\Offline.bmp">
      <Filter>Resource Files</Filter>
    </CustomBuild>
    <CustomBuild Include="res\Online.bmp">
      <Filter>Resource Files</Filter>
    </CustomBuild>
    <CustomBuild Include="res\R2LFullField.bmp">
      <Filter>Resource Files</Filter>
    </CustomBuild>
    <CustomBuild Include="ReadMe.txt" />
  </ItemGroup>
</Project>